
Microsoft Visual Studio Solution File, Format Version 12.00
# Visual Studio Version 16
VisualStudioVersion = 16.0.32802.440
MinimumVisualStudioVersion = 10.0.40219.1
Project("{FAE04EC0-301F-11D3-BF4B-00C04F79EFBC}") = "RockPaperScissors_by_iig", "RockPaperScissors_by_iig\RockPaperScissors_by_iig.csproj", "{770A330E-2803-4494-965A-B6B22A39F212}"
EndProject
Global
	GlobalSection(SolutionConfigurationPlatforms) = preSolution
		Debug|Any CPU = Debug|Any CPU
		Release|Any CPU = Release|Any CPU
	EndGlobalSection
	GlobalSection(ProjectConfigurationPlatforms) = postSolution
		{770A330E-2803-4494-965A-B6B22A39F212}.Debug|Any CPU.ActiveCfg = Debug|Any CPU
		{770A330E-2803-4494-965A-B6B22A39F212}.Debug|Any CPU.Build.0 = Debug|Any CPU
		{770A330E-2803-4494-965A-B6B22A39F212}.Release|Any CPU.ActiveCfg = Release|Any CPU
		{770A330E-2803-4494-965A-B6B22A39F212}.Release|Any CPU.Build.0 = Release|Any CPU
	EndGlobalSection
	GlobalSection(SolutionProperties) = preSolution
		HideSolutionNode = FALSE
	EndGlobalSection
	GlobalSection(ExtensibilityGlobals) = postSolution
		SolutionGuid = {76B8FF0F-F2BB-4022-B56A-59F1F6F819A0}
	EndGlobalSection
EndGlobal
